
Microsoft Visual Studio Solution File, Format Version 12.00
# Visual Studio Version 17
VisualStudioVersion = 17.5.002.0
MinimumVisualStudioVersion = 10.0.40219.1
Project("{9A19103F-16F7-4668-BE54-9A1E7A4F7556}") = "workspace", "workspace.csproj", "{DE7A1E85-241A-46A4-8021-86287FFDA0F1}"
EndProject
Global
	GlobalSection(SolutionConfigurationPlatforms) = preSolution
		Debug|Any CPU = Debug|Any CPU
		Release|Any CPU = Release|Any CPU
	EndGlobalSection
	GlobalSection(ProjectConfigurationPlatforms) = postSolution
		{DE7A1E85-241A-46A4-8021-86287FFDA0F1}.Debug|Any CPU.ActiveCfg = Debug|Any CPU
		{DE7A1E85-241A-46A4-8021-86287FFDA0F1}.Debug|Any CPU.Build.0 = Debug|Any CPU
		{DE7A1E85-241A-46A4-8021-86287FFDA0F1}.Release|Any CPU.ActiveCfg = Release|Any CPU
		{DE7A1E85-241A-46A4-8021-86287FFDA0F1}.Release|Any CPU.Build.0 = Release|Any CPU
	EndGlobalSection
	GlobalSection(SolutionProperties) = preSolution
		HideSolutionNode = FALSE
	EndGlobalSection
	GlobalSection(ExtensibilityGlobals) = postSolution
		SolutionGuid = {F5ED650A-F8D9-43A0-AC31-320AC167FEE8}
	EndGlobalSection
EndGlobal
